
Microsoft Visual Studio Solution File, Format Version 12.00
# Visual Studio Version 17
VisualStudioVersion = 17.6.33829.357
MinimumVisualStudioVersion = 10.0.40219.1
Project("{FAE04EC0-301F-11D3-BF4B-00C04F79EFBC}") = "ejerciciocinco", "ejerciciocinco\ejerciciocinco.csproj", "{253F6ADB-6DDD-48EB-9E40-12C9E0BEB54C}"
EndProject
Global
	GlobalSection(SolutionConfigurationPlatforms) = preSolution
		Debug|Any CPU = Debug|Any CPU
		Release|Any CPU = Release|Any CPU
	EndGlobalSection
	GlobalSection(ProjectConfigurationPlatforms) = postSolution
		{253F6ADB-6DDD-48EB-9E40-12C9E0BEB54C}.Debug|Any CPU.ActiveCfg = Debug|Any CPU
		{253F6ADB-6DDD-48EB-9E40-12C9E0BEB54C}.Debug|Any CPU.Build.0 = Debug|Any CPU
		{253F6ADB-6DDD-48EB-9E40-12C9E0BEB54C}.Release|Any CPU.ActiveCfg = Release|Any CPU
		{253F6ADB-6DDD-48EB-9E40-12C9E0BEB54C}.Release|Any CPU.Build.0 = Release|Any CPU
	EndGlobalSection
	GlobalSection(SolutionProperties) = preSolution
		HideSolutionNode = FALSE
	EndGlobalSection
	GlobalSection(ExtensibilityGlobals) = postSolution
		SolutionGuid = {7C5DEFAF-EA1C-461D-AFD8-91824C829802}
	EndGlobalSection
EndGlobal
